{
  "version": "2",
  "remote": {
    "https://deno.land/std@0.170.0/fmt/colors.ts": "03ad95e543d2808bc43c17a3dd29d25b43d0f16287fe562a0be89bf632454a12",
    "https://deno.land/std@0.170.0/testing/_diff.ts": "a23e7fc2b4d8daa3e158fa06856bedf5334ce2a2831e8bf9e509717f455adb2c",
    "https://deno.land/std@0.170.0/testing/_format.ts": "cd11136e1797791045e639e9f0f4640d5b4166148796cad37e6ef75f7d7f3832",
    "https://deno.land/std@0.170.0/testing/asserts.ts": "51353e79437361d4b02d8e32f3fc83b22231bc8f8d4c841d86fd32b0b0afe940",
    "https://esm.sh/@masx200/leetcode-class@1.2.7/": "cdfa0b9374afc9bc9db7ed64d35042586d365fc6f76eabf048a1d80ac3b2aab0",
    "https://esm.sh/v102/@masx200/leetcode-class@1.2.7/deno/leetcode-class.js": "1054f86462addeafe137f41467269370afa17520e6e4bcd5098d7cb2ed1fa2f4",
    "https://esm.sh/v102/@masx200/leetcode-class@1.2.7/index.d.ts": "ada7809df878b87c949210899f288fa6f7ab9981659a21e45fb882deab9cea13"
  },
  "npm": {
    "specifiers": {
      "@datastructures-js/binary-search-tree@5.2.0": "@datastructures-js/binary-search-tree@5.2.0",
      "@datastructures-js/heap@4.2.2": "@datastructures-js/heap@4.2.2",
      "@datastructures-js/priority-queue@6.1.4": "@datastructures-js/priority-queue@6.1.4",
      "@masx200/async-task-current-limiter@2.1.0": "@masx200/async-task-current-limiter@2.1.0"
    },
    "packages": {
      "@datastructures-js/binary-search-tree@5.2.0": {
        "integrity": "sha512-35OWgLeG+mGv5cZkpFdwSGmzgPDbsGQCEgWMH5STpdLs6B5d+oXSHXexQwU0/D1E8OaTt0QqJZ1TdISgQGmQCg==",
        "dependencies": {}
      },
      "@datastructures-js/heap@4.2.2": {
        "integrity": "sha512-PdjwgmOLfw/fwD9aB1XObbwYFD5HJJdJXJcg8rMXoThs50i0D4i558VUTHlFpkfrEA2WKiK5jncZSDQGkqAn7A==",
        "dependencies": {}
      },
      "@datastructures-js/priority-queue@6.1.4": {
        "integrity": "sha512-bYjnSSxrLjfrlnKeUID7sEzHbbtb8ENLhT/jQ4VoKTDUrJfupHr7cuaUtSFEQS1AsRCDQSaTgaNwmF8FUs9dwQ==",
        "dependencies": {
          "@datastructures-js/heap": "@datastructures-js/heap@4.2.2"
        }
      },
      "@masx200/async-task-current-limiter@2.1.0": {
        "integrity": "sha512-qpGmtSXC041lzjAGcTTSHPXZ+URIca8KFChD/tGS9IE5Jd0L+n90xI3VYixIK1iIz5KeNoFkBHxOiYQJKxqAQg==",
        "dependencies": {
          "@masx200/event-emitter-target": "@masx200/event-emitter-target@2.0.5"
        }
      },
      "@masx200/event-emitter-target@2.0.5": {
        "integrity": "sha512-EXh+ZWZdAeLhkiw3jDcLTa/P70jmrsU+SRP5Bt/jw/XINkJj6kx61iAuTIbLfzx3aiSiISGH8qYXHDveamw0PQ==",
        "dependencies": { "regenerator-runtime": "regenerator-runtime@0.13.11" }
      },
      "regenerator-runtime@0.13.11": {
        "integrity": "sha512-kY1AZVr2Ra+t+piVaJ4gxaFaReZVH40AKNo7UCX6W+dEwBo/2oZJzqfuN1qLq1oL45o56cPaTXELwrTh8Fpggg==",
        "dependencies": {}
      }
    }
  }
}
