{
  "version": "2",
  "remote": {
    
  },
  "npm": {
    "specifiers": {
      "@datastructures-js/binary-search-tree@5.2.0": "@datastructures-js/binary-search-tree@5.2.0",
      "@datastructures-js/heap@4.2.2": "@datastructures-js/heap@4.2.2",
      "@datastructures-js/priority-queue@6.1.4": "@datastructures-js/priority-queue@6.1.4",
      "@masx200/async-task-current-limiter@2.1.0": "@masx200/async-task-current-limiter@2.1.0"
    },
    "packages": {
      "@datastructures-js/binary-search-tree@5.2.0": {
        "integrity": "sha512-35OWgLeG+mGv5cZkpFdwSGmzgPDbsGQCEgWMH5STpdLs6B5d+oXSHXexQwU0/D1E8OaTt0QqJZ1TdISgQGmQCg==",
        "dependencies": {}
      },
      "@datastructures-js/heap@4.2.2": {
        "integrity": "sha512-PdjwgmOLfw/fwD9aB1XObbwYFD5HJJdJXJcg8rMXoThs50i0D4i558VUTHlFpkfrEA2WKiK5jncZSDQGkqAn7A==",
        "dependencies": {}
      },
      "@datastructures-js/priority-queue@6.1.4": {
        "integrity": "sha512-bYjnSSxrLjfrlnKeUID7sEzHbbtb8ENLhT/jQ4VoKTDUrJfupHr7cuaUtSFEQS1AsRCDQSaTgaNwmF8FUs9dwQ==",
        "dependencies": {
          "@datastructures-js/heap": "@datastructures-js/heap@4.2.2"
        }
      },
      "@masx200/async-task-current-limiter@2.1.0": {
        "integrity": "sha512-qpGmtSXC041lzjAGcTTSHPXZ+URIca8KFChD/tGS9IE5Jd0L+n90xI3VYixIK1iIz5KeNoFkBHxOiYQJKxqAQg==",
        "dependencies": {
          "@masx200/event-emitter-target": "@masx200/event-emitter-target@2.0.5"
        }
      },
      "@masx200/event-emitter-target@2.0.5": {
        "integrity": "sha512-EXh+ZWZdAeLhkiw3jDcLTa/P70jmrsU+SRP5Bt/jw/XINkJj6kx61iAuTIbLfzx3aiSiISGH8qYXHDveamw0PQ==",
        "dependencies": { "regenerator-runtime": "regenerator-runtime@0.13.11" }
      },
      "regenerator-runtime@0.13.11": {
        "integrity": "sha512-kY1AZVr2Ra+t+piVaJ4gxaFaReZVH40AKNo7UCX6W+dEwBo/2oZJzqfuN1qLq1oL45o56cPaTXELwrTh8Fpggg==",
        "dependencies": {}
      }
    }
  }
}
