
Microsoft Visual Studio Solution File, Format Version 12.00
# Visual Studio Version 17
VisualStudioVersion = 17.5.33516.290
MinimumVisualStudioVersion = 10.0.40219.1
Project("{8BC9CEB8-8B4A-11D0-8D11-00A0C91BC942}") = "insert-into-a-binary-search-tree", "insert-into-a-binary-search-tree.vcxproj", "{A56071FA-F922-42BE-9AAE-1060486F6076}"
EndProject
Global
	GlobalSection(SolutionConfigurationPlatforms) = preSolution
		Debug|x64 = Debug|x64
		Debug|x86 = Debug|x86
		Release|x64 = Release|x64
		Release|x86 = Release|x86
	EndGlobalSection
	GlobalSection(ProjectConfigurationPlatforms) = postSolution
		{A56071FA-F922-42BE-9AAE-1060486F6076}.Debug|x64.ActiveCfg = Debug|x64
		{A56071FA-F922-42BE-9AAE-1060486F6076}.Debug|x64.Build.0 = Debug|x64
		{A56071FA-F922-42BE-9AAE-1060486F6076}.Debug|x86.ActiveCfg = Debug|Win32
		{A56071FA-F922-42BE-9AAE-1060486F6076}.Debug|x86.Build.0 = Debug|Win32
		{A56071FA-F922-42BE-9AAE-1060486F6076}.Release|x64.ActiveCfg = Release|x64
		{A56071FA-F922-42BE-9AAE-1060486F6076}.Release|x64.Build.0 = Release|x64
		{A56071FA-F922-42BE-9AAE-1060486F6076}.Release|x86.ActiveCfg = Release|Win32
		{A56071FA-F922-42BE-9AAE-1060486F6076}.Release|x86.Build.0 = Release|Win32
	EndGlobalSection
	GlobalSection(SolutionProperties) = preSolution
		HideSolutionNode = FALSE
	EndGlobalSection
	GlobalSection(ExtensibilityGlobals) = postSolution
		SolutionGuid = {C6695FB2-91EB-4C8D-805B-674301FC9457}
	EndGlobalSection
EndGlobal
