<?xml version="1.0" encoding="utf-8"?>
<Project ToolsVersion="4.0" xmlns="http://schemas.microsoft.com/developer/msbuild/2003">
  <ItemGroup>
    <ClCompile Include="..\..\..\..\AppData\Local\.xmake\packages\l\leetcode-treenode-cpp\1.1.5\cfc2bdf7726b496bad82152ad88c5cc0\modules\leetcode-treenode-cpp\bfsTravelsal.ixx" />
    <ClCompile Include="..\..\..\..\AppData\Local\.xmake\packages\l\leetcode-treenode-cpp\1.1.5\cfc2bdf7726b496bad82152ad88c5cc0\modules\leetcode-treenode-cpp\freeTreeNode.ixx" />
    <ClCompile Include="..\..\..\..\AppData\Local\.xmake\packages\l\leetcode-treenode-cpp\1.1.5\cfc2bdf7726b496bad82152ad88c5cc0\modules\leetcode-treenode-cpp\parseLeetCodeBinaryTree.ixx" />
    <ClCompile Include="..\..\..\..\AppData\Local\.xmake\packages\l\leetcode-treenode-cpp\1.1.5\cfc2bdf7726b496bad82152ad88c5cc0\modules\leetcode-treenode-cpp\serializeTreeNode.ixx" />
    <ClCompile Include="..\..\..\..\AppData\Local\.xmake\packages\l\leetcode-treenode-cpp\1.1.5\cfc2bdf7726b496bad82152ad88c5cc0\modules\leetcode-treenode-cpp\traversalTreeNode.ixx" />
    <ClCompile Include="..\..\..\..\AppData\Local\.xmake\packages\l\leetcode-treenode-cpp\1.1.5\cfc2bdf7726b496bad82152ad88c5cc0\modules\leetcode-treenode-cpp\TreeNode.ixx" />
    <ClCompile Include="test.cpp" />
    <ClCompile Include="debugTreeNode.ixx" />
    <ClCompile Include="..\..\..\..\AppData\Local\.xmake\packages\l\leetcode-treenode-cpp\1.1.5\b1903a6858b741129d0a3829b3410c34\modules\leetcode-treenode-cpp\LeetCodeTreeNodeToString.ixx" />
    <ClCompile Include="index.ixx" />
    <ClCompile Include="EqualTreeNode.ixx" />
    <ClCompile Include="HashTreeNode.ixx" />
    <ClCompile Include="printTreeNode.ixx" />
  </ItemGroup>
</Project>