github.com/google/go-cmp v0.5.8 h1:e6P7q2lk1O+qJJb4BtCQXlK8vWEO8V1ZeuEdJNOqZyg=
github.com/masx200/leetcode-test/serialize-and-deserialize-binary-tree v0.0.0-20220825072430-380d3e0e30a2 h1:33VEOTS2x7yTFGGRWFVfNVyfgHgMKp3J44Cm40gv0WU=
github.com/masx200/leetcode-test/serialize-and-deserialize-binary-tree v0.0.0-20220825072430-380d3e0e30a2/go.mod h1:WERZIbs/GoCIGQMt6FbOuDZBOkCi2oQlWFF88WfmKYI=
github.com/masx200/leetcode-test/serialize-and-deserialize-binary-tree v0.0.0-20220906144335-3503ebe76485 h1:punpL7/3LN8fDFG5aRBnlGxyrfwWkngw9exLPtW7lzM=
github.com/masx200/leetcode-test/serialize-and-deserialize-binary-tree v0.0.0-20220906144335-3503ebe76485/go.mod h1:WERZIbs/GoCIGQMt6FbOuDZBOkCi2oQlWFF88WfmKYI=
gotest.tools/v3 v3.3.0 h1:MfDY1b1/0xN1CyMlQDac0ziEy9zJQd9CXBRRDHw2jJo=
