github.com/masx200/leetcode-TreeNode-go v1.0.5/go.mod h1:eIc8UV+ltx46u5IfGFBG/U5CZ4hhWNckYbwykIBClqA=
github.com/masx200/leetcode-test/serialize-and-deserialize-binary-tree v0.0.0-20221017000141-5ff9e538c5da h1:k/UDOFBUOEk6Khjn35L5NkoSshwaKd8Bc+TQONleQvU=
github.com/masx200/leetcode-test/serialize-and-deserialize-binary-tree v0.0.0-20221017000141-5ff9e538c5da/go.mod h1:WERZIbs/GoCIGQMt6FbOuDZBOkCi2oQlWFF88WfmKYI=
